// !$*UTF8*$!
{
	archiveVersion = 1;
	classes = {
	};
	objectVersion = 46;
	objects = {

/* Begin PBXBuildFile section */
		70A5203719DC4A59008394E7 /* BCL.c in Sources */ = {isa = PBXBuildFile; fileRef = 70A5203619DC4A59008394E7 /* BCL.c */; };
		70D724B219F301D600581863 /* LowLevel.c in Sources */ = {isa = PBXBuildFile; fileRef = 70D724B019F301D600581863 /* LowLevel.c */; };
/* End PBXBuildFile section */

/* Begin PBXCopyFilesBuildPhase section */
		70A5203119DC4A59008394E7 /* CopyFiles */ = {
			isa = PBXCopyFilesBuildPhase;
			buildActionMask = 2147483647;
			dstPath = /usr/share/man/man1/;
			dstSubfolderSpec = 0;
			files = (
			);
			runOnlyForDeploymentPostprocessing = 1;
		};
/* End PBXCopyFilesBuildPhase section */

/* Begin PBXFileReference section */
		70A5203319DC4A59008394E7 /* Basic Control Layer */ = {isa = PBXFileReference; explicitFileType = "compiled.mach-o.executable"; includeInIndex = 0; path = "Basic Control Layer"; sourceTree = BUILT_PRODUCTS_DIR; };
		70A5203619DC4A59008394E7 /* BCL.c */ = {isa = PBXFileReference; lastKnownFileType = sourcecode.c.c; path = BCL.c; sourceTree = "<group>"; };
		70A5207419DC8F67008394E7 /* LICENSE */ = {isa = PBXFileReference; lastKnownFileType = text; name = LICENSE; path = ../../LICENSE; sourceTree = "<group>"; };
		70A5207519DC8F67008394E7 /* README.md */ = {isa = PBXFileReference; lastKnownFileType = net.daringfireball.markdown; name = README.md; path = ../../README.md; sourceTree = "<group>"; };
		70B4ABAD19F2B4EC00C29B54 /* BCL.h */ = {isa = PBXFileReference; lastKnownFileType = sourcecode.c.h; path = BCL.h; sourceTree = "<group>"; };
		70C714161A129AAC00B8B9D6 /* docs.txt */ = {isa = PBXFileReference; lastKnownFileType = text; name = docs.txt; path = ../../docs.txt; sourceTree = "<group>"; };
		70C7141D1A12B25400B8B9D6 /* colors.h */ = {isa = PBXFileReference; lastKnownFileType = sourcecode.c.h; path = colors.h; sourceTree = "<group>"; };
		70D724B019F301D600581863 /* LowLevel.c */ = {isa = PBXFileReference; fileEncoding = 4; lastKnownFileType = sourcecode.c.c; path = LowLevel.c; sourceTree = "<group>"; };
		70D724B119F301D600581863 /* LowLevel.h */ = {isa = PBXFileReference; fileEncoding = 4; lastKnownFileType = sourcecode.c.h; path = LowLevel.h; sourceTree = "<group>"; };
/* End PBXFileReference section */

/* Begin PBXFrameworksBuildPhase section */
		70A5203019DC4A59008394E7 /* Frameworks */ = {
			isa = PBXFrameworksBuildPhase;
			buildActionMask = 2147483647;
			files = (
			);
			runOnlyForDeploymentPostprocessing = 0;
		};
/* End PBXFrameworksBuildPhase section */

/* Begin PBXGroup section */
		70A5202A19DC4A59008394E7 = {
			isa = PBXGroup;
			children = (
				70A5207319DC8F3C008394E7 /* Other Files */,
				70A5203519DC4A59008394E7 /* Basic Control Layer */,
				70A5203419DC4A59008394E7 /* Products */,
			);
			sourceTree = "<group>";
		};
		70A5203419DC4A59008394E7 /* Products */ = {
			isa = PBXGroup;
			children = (
				70A5203319DC4A59008394E7 /* Basic Control Layer */,
			);
			name = Products;
			sourceTree = "<group>";
		};
		70A5203519DC4A59008394E7 /* Basic Control Layer */ = {
			isa = PBXGroup;
			children = (
				70A5203619DC4A59008394E7 /* BCL.c */,
				70B4ABAD19F2B4EC00C29B54 /* BCL.h */,
				70D724B019F301D600581863 /* LowLevel.c */,
				70D724B119F301D600581863 /* LowLevel.h */,
				70C7141D1A12B25400B8B9D6 /* colors.h */,
			);
			path = "Basic Control Layer";
			sourceTree = "<group>";
		};
		70A5207319DC8F3C008394E7 /* Other Files */ = {
			isa = PBXGroup;
			children = (
				70C714161A129AAC00B8B9D6 /* docs.txt */,
				70A5207419DC8F67008394E7 /* LICENSE */,
				70A5207519DC8F67008394E7 /* README.md */,
			);
			name = "Other Files";
			path = "Basic Control Layer";
			sourceTree = "<group>";
		};
/* End PBXGroup section */

/* Begin PBXNativeTarget section */
		70A5203219DC4A59008394E7 /* Basic Control Layer */ = {
			isa = PBXNativeTarget;
			buildConfigurationList = 70A5203A19DC4A59008394E7 /* Build configuration list for PBXNativeTarget "Basic Control Layer" */;
			buildPhases = (
				70A5202F19DC4A59008394E7 /* Sources */,
				70A5203019DC4A59008394E7 /* Frameworks */,
				70A5203119DC4A59008394E7 /* CopyFiles */,
			);
			buildRules = (
			);
			dependencies = (
			);
			name = "Basic Control Layer";
			productName = "Basic Control Layer";
			productReference = 70A5203319DC4A59008394E7 /* Basic Control Layer */;
			productType = "com.apple.product-type.tool";
		};
/* End PBXNativeTarget section */

/* Begin PBXProject section */
		70A5202B19DC4A59008394E7 /* Project object */ = {
			isa = PBXProject;
			attributes = {
				LastUpgradeCheck = 0600;
				ORGANIZATIONNAME = MiniMind;
				TargetAttributes = {
					70A5203219DC4A59008394E7 = {
						CreatedOnToolsVersion = 6.0.1;
					};
				};
			};
			buildConfigurationList = 70A5202E19DC4A59008394E7 /* Build configuration list for PBXProject "Basic Control Layer" */;
			compatibilityVersion = "Xcode 3.2";
			developmentRegion = English;
			hasScannedForEncodings = 0;
			knownRegions = (
				en,
			);
			mainGroup = 70A5202A19DC4A59008394E7;
			productRefGroup = 70A5203419DC4A59008394E7 /* Products */;
			projectDirPath = "";
			projectRoot = "";
			targets = (
				70A5203219DC4A59008394E7 /* Basic Control Layer */,
			);
		};
/* End PBXProject section */

/* Begin PBXSourcesBuildPhase section */
		70A5202F19DC4A59008394E7 /* Sources */ = {
			isa = PBXSourcesBuildPhase;
			buildActionMask = 2147483647;
			files = (
				70A5203719DC4A59008394E7 /* BCL.c in Sources */,
				70D724B219F301D600581863 /* LowLevel.c in Sources */,
			);
			runOnlyForDeploymentPostprocessing = 0;
		};
/* End PBXSourcesBuildPhase section */

/* Begin XCBuildConfiguration section */
		70A5203819DC4A59008394E7 /* Debug */ = {
			isa = XCBuildConfiguration;
			buildSettings = {
				ALWAYS_SEARCH_USER_PATHS = NO;
				CLANG_CXX_LANGUAGE_STANDARD = "gnu++0x";
				CLANG_CXX_LIBRARY = "libc++";
				CLANG_ENABLE_MODULES = YES;
				CLANG_ENABLE_OBJC_ARC = YES;
				CLANG_WARN_BOOL_CONVERSION = YES;
				CLANG_WARN_CONSTANT_CONVERSION = YES;
				CLANG_WARN_DIRECT_OBJC_ISA_USAGE = YES_ERROR;
				CLANG_WARN_EMPTY_BODY = YES;
				CLANG_WARN_ENUM_CONVERSION = YES;
				CLANG_WARN_INT_CONVERSION = YES;
				CLANG_WARN_OBJC_ROOT_CLASS = YES_ERROR;
				CLANG_WARN_UNREACHABLE_CODE = YES;
				CLANG_WARN__DUPLICATE_METHOD_MATCH = YES;
				COPY_PHASE_STRIP = NO;
				ENABLE_STRICT_OBJC_MSGSEND = YES;
				GCC_C_LANGUAGE_STANDARD = gnu99;
				GCC_DYNAMIC_NO_PIC = NO;
				GCC_OPTIMIZATION_LEVEL = 0;
				GCC_PREPROCESSOR_DEFINITIONS = (
					"DEBUG=1",
					"$(inherited)",
				);
				GCC_SYMBOLS_PRIVATE_EXTERN = NO;
				GCC_WARN_64_TO_32_BIT_CONVERSION = YES;
				GCC_WARN_ABOUT_RETURN_TYPE = YES_ERROR;
				GCC_WARN_UNDECLARED_SELECTOR = YES;
				GCC_WARN_UNINITIALIZED_AUTOS = YES_AGGRESSIVE;
				GCC_WARN_UNUSED_FUNCTION = YES;
				GCC_WARN_UNUSED_VARIABLE = YES;
				MACOSX_DEPLOYMENT_TARGET = 10.10;
				MTL_ENABLE_DEBUG_INFO = YES;
				ONLY_ACTIVE_ARCH = YES;
				SDKROOT = macosx;
			};
			name = Debug;
		};
		70A5203919DC4A59008394E7 /* Release */ = {
			isa = XCBuildConfiguration;
			buildSettings = {
				ALWAYS_SEARCH_USER_PATHS = NO;
				CLANG_CXX_LANGUAGE_STANDARD = "gnu++0x";
				CLANG_CXX_LIBRARY = "libc++";
				CLANG_ENABLE_MODULES = YES;
				CLANG_ENABLE_OBJC_ARC = YES;
				CLANG_WARN_BOOL_CONVERSION = YES;
				CLANG_WARN_CONSTANT_CONVERSION = YES;
				CLANG_WARN_DIRECT_OBJC_ISA_USAGE = YES_ERROR;
				CLANG_WARN_EMPTY_BODY = YES;
				CLANG_WARN_ENUM_CONVERSION = YES;
				CLANG_WARN_INT_CONVERSION = YES;
				CLANG_WARN_OBJC_ROOT_CLASS = YES_ERROR;
				CLANG_WARN_UNREACHABLE_CODE = YES;
				CLANG_WARN__DUPLICATE_METHOD_MATCH = YES;
				COPY_PHASE_STRIP = YES;
				DEBUG_INFORMATION_FORMAT = "dwarf-with-dsym";
				ENABLE_NS_ASSERTIONS = NO;
				ENABLE_STRICT_OBJC_MSGSEND = YES;
				GCC_C_LANGUAGE_STANDARD = gnu99;
				GCC_WARN_64_TO_32_BIT_CONVERSION = YES;
				GCC_WARN_ABOUT_RETURN_TYPE = YES_ERROR;
				GCC_WARN_UNDECLARED_SELECTOR = YES;
				GCC_WARN_UNINITIALIZED_AUTOS = YES_AGGRESSIVE;
				GCC_WARN_UNUSED_FUNCTION = YES;
				GCC_WARN_UNUSED_VARIABLE = YES;
				MACOSX_DEPLOYMENT_TARGET = 10.10;
				MTL_ENABLE_DEBUG_INFO = NO;
				SDKROOT = macosx;
			};
			name = Release;
		};
		70A5203B19DC4A59008394E7 /* Debug */ = {
			isa = XCBuildConfiguration;
			buildSettings = {
				MACOSX_DEPLOYMENT_TARGET = 10.9;
				PRODUCT_NAME = "$(TARGET_NAME)";
			};
			name = Debug;
		};
		70A5203C19DC4A59008394E7 /* Release */ = {
			isa = XCBuildConfiguration;
			buildSettings = {
				MACOSX_DEPLOYMENT_TARGET = 10.9;
				PRODUCT_NAME = "$(TARGET_NAME)";
			};
			name = Release;
		};
/* End XCBuildConfiguration section */

/* Begin XCConfigurationList section */
		70A5202E19DC4A59008394E7 /* Build configuration list for PBXProject "Basic Control Layer" */ = {
			isa = XCConfigurationList;
			buildConfigurations = (
				70A5203819DC4A59008394E7 /* Debug */,
				70A5203919DC4A59008394E7 /* Release */,
			);
			defaultConfigurationIsVisible = 0;
			defaultConfigurationName = Release;
		};
		70A5203A19DC4A59008394E7 /* Build configuration list for PBXNativeTarget "Basic Control Layer" */ = {
			isa = XCConfigurationList;
			buildConfigurations = (
				70A5203B19DC4A59008394E7 /* Debug */,
				70A5203C19DC4A59008394E7 /* Release */,
			);
			defaultConfigurationIsVisible = 0;
			defaultConfigurationName = Release;
		};
/* End XCConfigurationList section */
	};
	rootObject = 70A5202B19DC4A59008394E7 /* Project object */;
}
